
Microsoft Visual Studio Solution File, Format Version 12.00
# Visual Studio Version 16
VisualStudioVersion = 16.0.33130.400
MinimumVisualStudioVersion = 10.0.40219.1
Project("{8BC9CEB8-8B4A-11D0-8D11-00A0C91BC942}") = "yudb", "yudb\yudb.vcxproj", "{2A451A25-4F4B-4EE2-9822-EA923DDF87B5}"
EndProject
Global
	GlobalSection(SolutionConfigurationPlatforms) = preSolution
		Debug|x64 = Debug|x64
		Debug|x86 = Debug|x86
		Release|x64 = Release|x64
		Release|x86 = Release|x86
	EndGlobalSection
	GlobalSection(ProjectConfigurationPlatforms) = postSolution
		{2A451A25-4F4B-4EE2-9822-EA923DDF87B5}.Debug|x64.ActiveCfg = Debug|x64
		{2A451A25-4F4B-4EE2-9822-EA923DDF87B5}.Debug|x64.Build.0 = Debug|x64
		{2A451A25-4F4B-4EE2-9822-EA923DDF87B5}.Debug|x86.ActiveCfg = Debug|Win32
		{2A451A25-4F4B-4EE2-9822-EA923DDF87B5}.Debug|x86.Build.0 = Debug|Win32
		{2A451A25-4F4B-4EE2-9822-EA923DDF87B5}.Release|x64.ActiveCfg = Release|x64
		{2A451A25-4F4B-4EE2-9822-EA923DDF87B5}.Release|x64.Build.0 = Release|x64
		{2A451A25-4F4B-4EE2-9822-EA923DDF87B5}.Release|x86.ActiveCfg = Release|Win32
		{2A451A25-4F4B-4EE2-9822-EA923DDF87B5}.Release|x86.Build.0 = Release|Win32
	EndGlobalSection
	GlobalSection(SolutionProperties) = preSolution
		HideSolutionNode = FALSE
	EndGlobalSection
	GlobalSection(ExtensibilityGlobals) = postSolution
		        SolutionGuid = {1F4C8C2C-6912-4C73-89B7-0FEB13C92BD5}
		SolutionGuid = {2751FB91-ECAA-4739-A789-1942947463B8}
	EndGlobalSection
EndGlobal
