<?xml version="1.0" encoding="utf-8"?>
<Project ToolsVersion="4.0" xmlns="http://schemas.microsoft.com/developer/msbuild/2003">
  <ItemGroup>
    <ClCompile Include="cacher.c" />
    <ClCompile Include="data_pool.c" />
    <ClCompile Include="import.c" />
    <ClCompile Include="meta_info.c" />
    <ClCompile Include="page.c" />
    <ClCompile Include="pager.c" />
    <ClCompile Include="test.cpp" />
    <ClCompile Include="transaction.c" />
    <ClCompile Include="wal.c" />
    <ClCompile Include="yudb.c" />
    <ClCompile Include="db_file.c" />
    <ClCompile Include="free_table.c" />
    <ClCompile Include="bucket.c" />
  </ItemGroup>
  <ItemGroup>
    <ClInclude Include="cacher.h" />
    <ClInclude Include="data_pool.h" />
    <ClInclude Include="db_file.h" />
    <ClInclude Include="meta_info.h" />
    <ClInclude Include="page.h" />
    <ClInclude Include="pager.h" />
    <ClInclude Include="transaction.h" />
    <ClInclude Include="txid.h" />
    <ClInclude Include="wal.h" />
    <ClInclude Include="yudb.h" />
    <ClInclude Include="free_table.h" />
    <ClInclude Include="bucket.h" />
  </ItemGroup>
</Project>